// !$*UTF8*$!
{
	archiveVersion = 1;
	classes = {
	};
	objectVersion = 46;
	objects = {

/* Begin PBXBuildFile section */
		284376A71F543EEE00FCB8A7 /* main.cpp in Sources */ = {isa = PBXBuildFile; fileRef = 284376A61F543EEE00FCB8A7 /* main.cpp */; };
		284376B11F54424B00FCB8A7 /* bubbleSort.cpp in Sources */ = {isa = PBXBuildFile; fileRef = 284376B01F54424B00FCB8A7 /* bubbleSort.cpp */; };
		284376B51F5443D100FCB8A7 /* quickSort.cpp in Sources */ = {isa = PBXBuildFile; fileRef = 284376B31F5443D100FCB8A7 /* quickSort.cpp */; };
		284376B81F54479E00FCB8A7 /* selectionSort.cpp in Sources */ = {isa = PBXBuildFile; fileRef = 284376B61F54479E00FCB8A7 /* selectionSort.cpp */; };
		284376BB1F54486000FCB8A7 /* insertionSort.cpp in Sources */ = {isa = PBXBuildFile; fileRef = 284376B91F54486000FCB8A7 /* insertionSort.cpp */; };
		284376BE1F54497000FCB8A7 /* mergeSort.cpp in Sources */ = {isa = PBXBuildFile; fileRef = 284376BC1F54497000FCB8A7 /* mergeSort.cpp */; };
		284376C11F544A8500FCB8A7 /* heapSort.cpp in Sources */ = {isa = PBXBuildFile; fileRef = 284376BF1F544A8500FCB8A7 /* heapSort.cpp */; };
		284376C41F544DEA00FCB8A7 /* cocktailSort.cpp in Sources */ = {isa = PBXBuildFile; fileRef = 284376C21F544DEA00FCB8A7 /* cocktailSort.cpp */; };
		284376C71F544FD100FCB8A7 /* bucketSort.cpp in Sources */ = {isa = PBXBuildFile; fileRef = 284376C51F544FD100FCB8A7 /* bucketSort.cpp */; };
/* End PBXBuildFile section */

/* Begin PBXCopyFilesBuildPhase section */
		284376A11F543EEE00FCB8A7 /* CopyFiles */ = {
			isa = PBXCopyFilesBuildPhase;
			buildActionMask = 2147483647;
			dstPath = /usr/share/man/man1/;
			dstSubfolderSpec = 0;
			files = (
			);
			runOnlyForDeploymentPostprocessing = 1;
		};
/* End PBXCopyFilesBuildPhase section */

/* Begin PBXFileReference section */
		284376A31F543EEE00FCB8A7 /* Tarea2_AnalisisDeAlgoritmos */ = {isa = PBXFileReference; explicitFileType = "compiled.mach-o.executable"; includeInIndex = 0; path = Tarea2_AnalisisDeAlgoritmos; sourceTree = BUILT_PRODUCTS_DIR; };
		284376A61F543EEE00FCB8A7 /* main.cpp */ = {isa = PBXFileReference; lastKnownFileType = sourcecode.cpp.cpp; path = main.cpp; sourceTree = "<group>"; };
		284376B01F54424B00FCB8A7 /* bubbleSort.cpp */ = {isa = PBXFileReference; fileEncoding = 4; lastKnownFileType = sourcecode.cpp.cpp; path = bubbleSort.cpp; sourceTree = "<group>"; };
		284376B21F54427600FCB8A7 /* bubbleSort.h */ = {isa = PBXFileReference; lastKnownFileType = sourcecode.c.h; path = bubbleSort.h; sourceTree = "<group>"; };
		284376B31F5443D100FCB8A7 /* quickSort.cpp */ = {isa = PBXFileReference; fileEncoding = 4; lastKnownFileType = sourcecode.cpp.cpp; path = quickSort.cpp; sourceTree = "<group>"; };
		284376B41F5443D100FCB8A7 /* quickSort.hpp */ = {isa = PBXFileReference; fileEncoding = 4; lastKnownFileType = sourcecode.cpp.h; path = quickSort.hpp; sourceTree = "<group>"; };
		284376B61F54479E00FCB8A7 /* selectionSort.cpp */ = {isa = PBXFileReference; fileEncoding = 4; lastKnownFileType = sourcecode.cpp.cpp; path = selectionSort.cpp; sourceTree = "<group>"; };
		284376B71F54479E00FCB8A7 /* selectionSort.hpp */ = {isa = PBXFileReference; fileEncoding = 4; lastKnownFileType = sourcecode.cpp.h; path = selectionSort.hpp; sourceTree = "<group>"; };
		284376B91F54486000FCB8A7 /* insertionSort.cpp */ = {isa = PBXFileReference; fileEncoding = 4; lastKnownFileType = sourcecode.cpp.cpp; path = insertionSort.cpp; sourceTree = "<group>"; };
		284376BA1F54486000FCB8A7 /* insertionSort.hpp */ = {isa = PBXFileReference; fileEncoding = 4; lastKnownFileType = sourcecode.cpp.h; path = insertionSort.hpp; sourceTree = "<group>"; };
		284376BC1F54497000FCB8A7 /* mergeSort.cpp */ = {isa = PBXFileReference; fileEncoding = 4; lastKnownFileType = sourcecode.cpp.cpp; path = mergeSort.cpp; sourceTree = "<group>"; };
		284376BD1F54497000FCB8A7 /* mergeSort.hpp */ = {isa = PBXFileReference; fileEncoding = 4; lastKnownFileType = sourcecode.cpp.h; path = mergeSort.hpp; sourceTree = "<group>"; };
		284376BF1F544A8500FCB8A7 /* heapSort.cpp */ = {isa = PBXFileReference; fileEncoding = 4; lastKnownFileType = sourcecode.cpp.cpp; path = heapSort.cpp; sourceTree = "<group>"; };
		284376C01F544A8500FCB8A7 /* heapSort.hpp */ = {isa = PBXFileReference; fileEncoding = 4; lastKnownFileType = sourcecode.cpp.h; path = heapSort.hpp; sourceTree = "<group>"; };
		284376C21F544DEA00FCB8A7 /* cocktailSort.cpp */ = {isa = PBXFileReference; fileEncoding = 4; lastKnownFileType = sourcecode.cpp.cpp; path = cocktailSort.cpp; sourceTree = "<group>"; };
		284376C31F544DEA00FCB8A7 /* cocktailSort.hpp */ = {isa = PBXFileReference; fileEncoding = 4; lastKnownFileType = sourcecode.cpp.h; path = cocktailSort.hpp; sourceTree = "<group>"; };
		284376C51F544FD100FCB8A7 /* bucketSort.cpp */ = {isa = PBXFileReference; fileEncoding = 4; lastKnownFileType = sourcecode.cpp.cpp; path = bucketSort.cpp; sourceTree = "<group>"; };
		284376C61F544FD100FCB8A7 /* bucketSort.hpp */ = {isa = PBXFileReference; fileEncoding = 4; lastKnownFileType = sourcecode.cpp.h; path = bucketSort.hpp; sourceTree = "<group>"; };
		284376CE1F546EAA00FCB8A7 /* 10.txt */ = {isa = PBXFileReference; fileEncoding = 4; lastKnownFileType = text; path = 10.txt; sourceTree = "<group>"; };
		284376CF1F546EAA00FCB8A7 /* 100.txt */ = {isa = PBXFileReference; fileEncoding = 4; lastKnownFileType = text; path = 100.txt; sourceTree = "<group>"; };
		284376D01F546EAA00FCB8A7 /* 1000.txt */ = {isa = PBXFileReference; fileEncoding = 4; lastKnownFileType = text; path = 1000.txt; sourceTree = "<group>"; };
		284376D11F546EAA00FCB8A7 /* 10000.txt */ = {isa = PBXFileReference; fileEncoding = 4; lastKnownFileType = text; path = 10000.txt; sourceTree = "<group>"; };
		284376D21F546EAA00FCB8A7 /* 100000.txt */ = {isa = PBXFileReference; fileEncoding = 4; lastKnownFileType = text; path = 100000.txt; sourceTree = "<group>"; };
		284376D31F546EAA00FCB8A7 /* 1000000.txt */ = {isa = PBXFileReference; fileEncoding = 4; lastKnownFileType = text; path = 1000000.txt; sourceTree = "<group>"; };
/* End PBXFileReference section */

/* Begin PBXFrameworksBuildPhase section */
		284376A01F543EEE00FCB8A7 /* Frameworks */ = {
			isa = PBXFrameworksBuildPhase;
			buildActionMask = 2147483647;
			files = (
			);
			runOnlyForDeploymentPostprocessing = 0;
		};
/* End PBXFrameworksBuildPhase section */

/* Begin PBXGroup section */
		2843769A1F543EEE00FCB8A7 = {
			isa = PBXGroup;
			children = (
				284376A51F543EEE00FCB8A7 /* Tarea2_AnalisisDeAlgoritmos */,
				284376A41F543EEE00FCB8A7 /* Products */,
			);
			sourceTree = "<group>";
		};
		284376A41F543EEE00FCB8A7 /* Products */ = {
			isa = PBXGroup;
			children = (
				284376A31F543EEE00FCB8A7 /* Tarea2_AnalisisDeAlgoritmos */,
			);
			name = Products;
			sourceTree = "<group>";
		};
		284376A51F543EEE00FCB8A7 /* Tarea2_AnalisisDeAlgoritmos */ = {
			isa = PBXGroup;
			children = (
				284376CE1F546EAA00FCB8A7 /* 10.txt */,
				284376CF1F546EAA00FCB8A7 /* 100.txt */,
				284376D01F546EAA00FCB8A7 /* 1000.txt */,
				284376D11F546EAA00FCB8A7 /* 10000.txt */,
				284376D21F546EAA00FCB8A7 /* 100000.txt */,
				284376D31F546EAA00FCB8A7 /* 1000000.txt */,
				284376A61F543EEE00FCB8A7 /* main.cpp */,
				284376B01F54424B00FCB8A7 /* bubbleSort.cpp */,
				284376B21F54427600FCB8A7 /* bubbleSort.h */,
				284376B31F5443D100FCB8A7 /* quickSort.cpp */,
				284376B41F5443D100FCB8A7 /* quickSort.hpp */,
				284376B61F54479E00FCB8A7 /* selectionSort.cpp */,
				284376B71F54479E00FCB8A7 /* selectionSort.hpp */,
				284376B91F54486000FCB8A7 /* insertionSort.cpp */,
				284376BA1F54486000FCB8A7 /* insertionSort.hpp */,
				284376BC1F54497000FCB8A7 /* mergeSort.cpp */,
				284376BD1F54497000FCB8A7 /* mergeSort.hpp */,
				284376BF1F544A8500FCB8A7 /* heapSort.cpp */,
				284376C01F544A8500FCB8A7 /* heapSort.hpp */,
				284376C21F544DEA00FCB8A7 /* cocktailSort.cpp */,
				284376C31F544DEA00FCB8A7 /* cocktailSort.hpp */,
				284376C51F544FD100FCB8A7 /* bucketSort.cpp */,
				284376C61F544FD100FCB8A7 /* bucketSort.hpp */,
			);
			path = Tarea2_AnalisisDeAlgoritmos;
			sourceTree = "<group>";
		};
/* End PBXGroup section */

/* Begin PBXNativeTarget section */
		284376A21F543EEE00FCB8A7 /* Tarea2_AnalisisDeAlgoritmos */ = {
			isa = PBXNativeTarget;
			buildConfigurationList = 284376AA1F543EEE00FCB8A7 /* Build configuration list for PBXNativeTarget "Tarea2_AnalisisDeAlgoritmos" */;
			buildPhases = (
				2843769F1F543EEE00FCB8A7 /* Sources */,
				284376A01F543EEE00FCB8A7 /* Frameworks */,
				284376A11F543EEE00FCB8A7 /* CopyFiles */,
			);
			buildRules = (
			);
			dependencies = (
			);
			name = Tarea2_AnalisisDeAlgoritmos;
			productName = Tarea2_AnalisisDeAlgoritmos;
			productReference = 284376A31F543EEE00FCB8A7 /* Tarea2_AnalisisDeAlgoritmos */;
			productType = "com.apple.product-type.tool";
		};
/* End PBXNativeTarget section */

/* Begin PBXProject section */
		2843769B1F543EEE00FCB8A7 /* Project object */ = {
			isa = PBXProject;
			attributes = {
				LastUpgradeCheck = 0830;
				ORGANIZATIONNAME = "JJ Santos";
				TargetAttributes = {
					284376A21F543EEE00FCB8A7 = {
						CreatedOnToolsVersion = 8.3.3;
						ProvisioningStyle = Automatic;
					};
				};
			};
			buildConfigurationList = 2843769E1F543EEE00FCB8A7 /* Build configuration list for PBXProject "Tarea2_AnalisisDeAlgoritmos" */;
			compatibilityVersion = "Xcode 3.2";
			developmentRegion = English;
			hasScannedForEncodings = 0;
			knownRegions = (
				en,
			);
			mainGroup = 2843769A1F543EEE00FCB8A7;
			productRefGroup = 284376A41F543EEE00FCB8A7 /* Products */;
			projectDirPath = "";
			projectRoot = "";
			targets = (
				284376A21F543EEE00FCB8A7 /* Tarea2_AnalisisDeAlgoritmos */,
			);
		};
/* End PBXProject section */

/* Begin PBXSourcesBuildPhase section */
		2843769F1F543EEE00FCB8A7 /* Sources */ = {
			isa = PBXSourcesBuildPhase;
			buildActionMask = 2147483647;
			files = (
				284376BE1F54497000FCB8A7 /* mergeSort.cpp in Sources */,
				284376C11F544A8500FCB8A7 /* heapSort.cpp in Sources */,
				284376C71F544FD100FCB8A7 /* bucketSort.cpp in Sources */,
				284376B81F54479E00FCB8A7 /* selectionSort.cpp in Sources */,
				284376C41F544DEA00FCB8A7 /* cocktailSort.cpp in Sources */,
				284376A71F543EEE00FCB8A7 /* main.cpp in Sources */,
				284376B11F54424B00FCB8A7 /* bubbleSort.cpp in Sources */,
				284376B51F5443D100FCB8A7 /* quickSort.cpp in Sources */,
				284376BB1F54486000FCB8A7 /* insertionSort.cpp in Sources */,
			);
			runOnlyForDeploymentPostprocessing = 0;
		};
/* End PBXSourcesBuildPhase section */

/* Begin XCBuildConfiguration section */
		284376A81F543EEE00FCB8A7 /* Debug */ = {
			isa = XCBuildConfiguration;
			buildSettings = {
				ALWAYS_SEARCH_USER_PATHS = NO;
				CLANG_ANALYZER_NONNULL = YES;
				CLANG_ANALYZER_NUMBER_OBJECT_CONVERSION = YES_AGGRESSIVE;
				CLANG_CXX_LANGUAGE_STANDARD = "gnu++0x";
				CLANG_CXX_LIBRARY = "libc++";
				CLANG_ENABLE_MODULES = YES;
				CLANG_ENABLE_OBJC_ARC = YES;
				CLANG_WARN_BOOL_CONVERSION = YES;
				CLANG_WARN_CONSTANT_CONVERSION = YES;
				CLANG_WARN_DIRECT_OBJC_ISA_USAGE = YES_ERROR;
				CLANG_WARN_DOCUMENTATION_COMMENTS = YES;
				CLANG_WARN_EMPTY_BODY = YES;
				CLANG_WARN_ENUM_CONVERSION = YES;
				CLANG_WARN_INFINITE_RECURSION = YES;
				CLANG_WARN_INT_CONVERSION = YES;
				CLANG_WARN_OBJC_ROOT_CLASS = YES_ERROR;
				CLANG_WARN_SUSPICIOUS_MOVE = YES;
				CLANG_WARN_UNREACHABLE_CODE = YES;
				CLANG_WARN__DUPLICATE_METHOD_MATCH = YES;
				CODE_SIGN_IDENTITY = "-";
				COPY_PHASE_STRIP = NO;
				DEBUG_INFORMATION_FORMAT = dwarf;
				ENABLE_STRICT_OBJC_MSGSEND = YES;
				ENABLE_TESTABILITY = YES;
				GCC_C_LANGUAGE_STANDARD = gnu99;
				GCC_DYNAMIC_NO_PIC = NO;
				GCC_NO_COMMON_BLOCKS = YES;
				GCC_OPTIMIZATION_LEVEL = 0;
				GCC_PREPROCESSOR_DEFINITIONS = (
					"DEBUG=1",
					"$(inherited)",
				);
				GCC_WARN_64_TO_32_BIT_CONVERSION = YES;
				GCC_WARN_ABOUT_RETURN_TYPE = YES_ERROR;
				GCC_WARN_UNDECLARED_SELECTOR = YES;
				GCC_WARN_UNINITIALIZED_AUTOS = YES_AGGRESSIVE;
				GCC_WARN_UNUSED_FUNCTION = YES;
				GCC_WARN_UNUSED_VARIABLE = YES;
				MACOSX_DEPLOYMENT_TARGET = 10.12;
				MTL_ENABLE_DEBUG_INFO = YES;
				ONLY_ACTIVE_ARCH = YES;
				SDKROOT = macosx;
			};
			name = Debug;
		};
		284376A91F543EEE00FCB8A7 /* Release */ = {
			isa = XCBuildConfiguration;
			buildSettings = {
				ALWAYS_SEARCH_USER_PATHS = NO;
				CLANG_ANALYZER_NONNULL = YES;
				CLANG_ANALYZER_NUMBER_OBJECT_CONVERSION = YES_AGGRESSIVE;
				CLANG_CXX_LANGUAGE_STANDARD = "gnu++0x";
				CLANG_CXX_LIBRARY = "libc++";
				CLANG_ENABLE_MODULES = YES;
				CLANG_ENABLE_OBJC_ARC = YES;
				CLANG_WARN_BOOL_CONVERSION = YES;
				CLANG_WARN_CONSTANT_CONVERSION = YES;
				CLANG_WARN_DIRECT_OBJC_ISA_USAGE = YES_ERROR;
				CLANG_WARN_DOCUMENTATION_COMMENTS = YES;
				CLANG_WARN_EMPTY_BODY = YES;
				CLANG_WARN_ENUM_CONVERSION = YES;
				CLANG_WARN_INFINITE_RECURSION = YES;
				CLANG_WARN_INT_CONVERSION = YES;
				CLANG_WARN_OBJC_ROOT_CLASS = YES_ERROR;
				CLANG_WARN_SUSPICIOUS_MOVE = YES;
				CLANG_WARN_UNREACHABLE_CODE = YES;
				CLANG_WARN__DUPLICATE_METHOD_MATCH = YES;
				CODE_SIGN_IDENTITY = "-";
				COPY_PHASE_STRIP = NO;
				DEBUG_INFORMATION_FORMAT = "dwarf-with-dsym";
				ENABLE_NS_ASSERTIONS = NO;
				ENABLE_STRICT_OBJC_MSGSEND = YES;
				GCC_C_LANGUAGE_STANDARD = gnu99;
				GCC_NO_COMMON_BLOCKS = YES;
				GCC_WARN_64_TO_32_BIT_CONVERSION = YES;
				GCC_WARN_ABOUT_RETURN_TYPE = YES_ERROR;
				GCC_WARN_UNDECLARED_SELECTOR = YES;
				GCC_WARN_UNINITIALIZED_AUTOS = YES_AGGRESSIVE;
				GCC_WARN_UNUSED_FUNCTION = YES;
				GCC_WARN_UNUSED_VARIABLE = YES;
				MACOSX_DEPLOYMENT_TARGET = 10.12;
				MTL_ENABLE_DEBUG_INFO = NO;
				SDKROOT = macosx;
			};
			name = Release;
		};
		284376AB1F543EEE00FCB8A7 /* Debug */ = {
			isa = XCBuildConfiguration;
			buildSettings = {
				PRODUCT_NAME = "$(TARGET_NAME)";
			};
			name = Debug;
		};
		284376AC1F543EEE00FCB8A7 /* Release */ = {
			isa = XCBuildConfiguration;
			buildSettings = {
				PRODUCT_NAME = "$(TARGET_NAME)";
			};
			name = Release;
		};
/* End XCBuildConfiguration section */

/* Begin XCConfigurationList section */
		2843769E1F543EEE00FCB8A7 /* Build configuration list for PBXProject "Tarea2_AnalisisDeAlgoritmos" */ = {
			isa = XCConfigurationList;
			buildConfigurations = (
				284376A81F543EEE00FCB8A7 /* Debug */,
				284376A91F543EEE00FCB8A7 /* Release */,
			);
			defaultConfigurationIsVisible = 0;
			defaultConfigurationName = Release;
		};
		284376AA1F543EEE00FCB8A7 /* Build configuration list for PBXNativeTarget "Tarea2_AnalisisDeAlgoritmos" */ = {
			isa = XCConfigurationList;
			buildConfigurations = (
				284376AB1F543EEE00FCB8A7 /* Debug */,
				284376AC1F543EEE00FCB8A7 /* Release */,
			);
			defaultConfigurationIsVisible = 0;
		};
/* End XCConfigurationList section */
	};
	rootObject = 2843769B1F543EEE00FCB8A7 /* Project object */;
}
